
Microsoft Visual Studio Solution File, Format Version 12.00
# Visual Studio Version 16
VisualStudioVersion = 16.0.29001.49
MinimumVisualStudioVersion = 10.0.40219.1
Project("{FAE04EC0-301F-11D3-BF4B-00C04F79EFBC}") = "Solution", "Solution\Solution.csproj", "{3D4ADA07-BE8C-4EEA-8476-DA7347EBDCBF}"
EndProject
Project("{FAE04EC0-301F-11D3-BF4B-00C04F79EFBC}") = "Algorithms", "Algorithms\Algorithms.csproj", "{8D15CDDB-40FE-4609-9A64-92A6CE184038}"
EndProject
Project("{FAE04EC0-301F-11D3-BF4B-00C04F79EFBC}") = "Codility", "Codility\Codility.csproj", "{0E07B06E-E427-4FEB-949D-990133EF6AA2}"
EndProject
Global
	GlobalSection(SolutionConfigurationPlatforms) = preSolution
		Debug|Any CPU = Debug|Any CPU
		Release|Any CPU = Release|Any CPU
	EndGlobalSection
	GlobalSection(ProjectConfigurationPlatforms) = postSolution
		{3D4ADA07-BE8C-4EEA-8476-DA7347EBDCBF}.Debug|Any CPU.ActiveCfg = Debug|Any CPU
		{3D4ADA07-BE8C-4EEA-8476-DA7347EBDCBF}.Debug|Any CPU.Build.0 = Debug|Any CPU
		{3D4ADA07-BE8C-4EEA-8476-DA7347EBDCBF}.Release|Any CPU.ActiveCfg = Release|Any CPU
		{3D4ADA07-BE8C-4EEA-8476-DA7347EBDCBF}.Release|Any CPU.Build.0 = Release|Any CPU
		{8D15CDDB-40FE-4609-9A64-92A6CE184038}.Debug|Any CPU.ActiveCfg = Debug|Any CPU
		{8D15CDDB-40FE-4609-9A64-92A6CE184038}.Debug|Any CPU.Build.0 = Debug|Any CPU
		{8D15CDDB-40FE-4609-9A64-92A6CE184038}.Release|Any CPU.ActiveCfg = Release|Any CPU
		{8D15CDDB-40FE-4609-9A64-92A6CE184038}.Release|Any CPU.Build.0 = Release|Any CPU
		{0E07B06E-E427-4FEB-949D-990133EF6AA2}.Debug|Any CPU.ActiveCfg = Debug|Any CPU
		{0E07B06E-E427-4FEB-949D-990133EF6AA2}.Debug|Any CPU.Build.0 = Debug|Any CPU
		{0E07B06E-E427-4FEB-949D-990133EF6AA2}.Release|Any CPU.ActiveCfg = Release|Any CPU
		{0E07B06E-E427-4FEB-949D-990133EF6AA2}.Release|Any CPU.Build.0 = Release|Any CPU
	EndGlobalSection
	GlobalSection(SolutionProperties) = preSolution
		HideSolutionNode = FALSE
	EndGlobalSection
	GlobalSection(ExtensibilityGlobals) = postSolution
		SolutionGuid = {F8A0655B-CC00-464F-B0F2-1B3142BDCF5E}
	EndGlobalSection
EndGlobal
