
Microsoft Visual Studio Solution File, Format Version 12.00
# Visual Studio Version 16
VisualStudioVersion = 16.0.29001.49
MinimumVisualStudioVersion = 10.0.40219.1
Project("{9A19103F-16F7-4668-BE54-9A1E7A4F7556}") = "Solution", "Solution\Solution.csproj", "{3D4ADA07-BE8C-4EEA-8476-DA7347EBDCBF}"
EndProject
Project("{9A19103F-16F7-4668-BE54-9A1E7A4F7556}") = "Algorithms", "Algorithms\Algorithms.csproj", "{8D15CDDB-40FE-4609-9A64-92A6CE184038}"
EndProject
Project("{9A19103F-16F7-4668-BE54-9A1E7A4F7556}") = "Codility", "Codility\Codility.csproj", "{0E07B06E-E427-4FEB-949D-990133EF6AA2}"
EndProject
Project("{9A19103F-16F7-4668-BE54-9A1E7A4F7556}") = "Algotester", "Algotester\Algotester.csproj", "{C007A14E-864D-4C4B-95D8-2D18440D6172}"
EndProject
Project("{6EC3EE1D-3C4E-46DD-8F32-0CC8E7565705}") = "AlgotesterFS", "AlgotesterFS\AlgotesterFS.fsproj", "{46A78F9A-EB3F-4348-88D3-EE2522278A01}"
EndProject
Project("{2150E333-8FDC-42A3-9474-1A3956D46DE8}") = "Algotester", "Algotester", "{E1AA45A4-7487-464A-BCEC-DEF018BE7118}"
EndProject
Project("{2150E333-8FDC-42A3-9474-1A3956D46DE8}") = "Codility", "Codility", "{BE24AF56-FEF3-483F-913A-736227083478}"
EndProject
Project("{9A19103F-16F7-4668-BE54-9A1E7A4F7556}") = "Algotester.Tests", "Algotester.Tests\Algotester.Tests.csproj", "{64217130-0D9A-4FAE-9038-D335F6DF1A49}"
EndProject
Project("{9A19103F-16F7-4668-BE54-9A1E7A4F7556}") = "Codility.Tests", "Codility.Tests\Codility.Tests.csproj", "{9D8B2950-F71C-4942-A774-149AD1E50AE5}"
EndProject
Project("{6EC3EE1D-3C4E-46DD-8F32-0CC8E7565705}") = "AlgotesterFS.Tests", "AlgotesterFS.Tests\AlgotesterFS.Tests.fsproj", "{CFC647EF-4DA4-4848-836F-9E3E1C78593D}"
EndProject
Project("{9A19103F-16F7-4668-BE54-9A1E7A4F7556}") = "LeetCode", "LeetCode\LeetCode.csproj", "{74F4B589-F977-4233-ADA7-4CDC71766EC1}"
EndProject
Project("{2150E333-8FDC-42A3-9474-1A3956D46DE8}") = "LeetCode", "LeetCode", "{78E841BE-9BCA-4EAC-9829-A0CBD276DC77}"
EndProject
Project("{9A19103F-16F7-4668-BE54-9A1E7A4F7556}") = "LeetCode.Tests", "LeetCode.Tests\LeetCode.Tests.csproj", "{B72E86D5-BE5B-4A43-8886-692F48138C70}"
EndProject
Project("{2150E333-8FDC-42A3-9474-1A3956D46DE8}") = "Algorithms", "Algorithms", "{B984812E-5F9C-4E64-8E38-1B719C268141}"
EndProject
Project("{9A19103F-16F7-4668-BE54-9A1E7A4F7556}") = "Algorithms.Tests", "Algorithms.Tests\Algorithms.Tests.csproj", "{F4D5418A-4BD2-4618-8474-7647050F7B8D}"
EndProject
Project("{9A19103F-16F7-4668-BE54-9A1E7A4F7556}") = "HackerRank", "HackerRank\HackerRank.csproj", "{0B7E899B-9835-4C36-9DE0-CFBFD78D7664}"
EndProject
Project("{2150E333-8FDC-42A3-9474-1A3956D46DE8}") = "HackerRank", "HackerRank", "{663FEBFB-88D3-4AC2-B23B-B54D4902048E}"
EndProject
Project("{9A19103F-16F7-4668-BE54-9A1E7A4F7556}") = "HackerRank.Tests", "HackerRank.Tests\HackerRank.Tests.csproj", "{6A4A8FA6-C9B4-43D5-8B91-4DFF9ACA60C0}"
EndProject
Global
	GlobalSection(SolutionConfigurationPlatforms) = preSolution
		Debug|Any CPU = Debug|Any CPU
		Release|Any CPU = Release|Any CPU
	EndGlobalSection
	GlobalSection(ProjectConfigurationPlatforms) = postSolution
		{3D4ADA07-BE8C-4EEA-8476-DA7347EBDCBF}.Debug|Any CPU.ActiveCfg = Debug|Any CPU
		{3D4ADA07-BE8C-4EEA-8476-DA7347EBDCBF}.Debug|Any CPU.Build.0 = Debug|Any CPU
		{3D4ADA07-BE8C-4EEA-8476-DA7347EBDCBF}.Release|Any CPU.ActiveCfg = Release|Any CPU
		{3D4ADA07-BE8C-4EEA-8476-DA7347EBDCBF}.Release|Any CPU.Build.0 = Release|Any CPU
		{8D15CDDB-40FE-4609-9A64-92A6CE184038}.Debug|Any CPU.ActiveCfg = Debug|Any CPU
		{8D15CDDB-40FE-4609-9A64-92A6CE184038}.Debug|Any CPU.Build.0 = Debug|Any CPU
		{8D15CDDB-40FE-4609-9A64-92A6CE184038}.Release|Any CPU.ActiveCfg = Release|Any CPU
		{8D15CDDB-40FE-4609-9A64-92A6CE184038}.Release|Any CPU.Build.0 = Release|Any CPU
		{0E07B06E-E427-4FEB-949D-990133EF6AA2}.Debug|Any CPU.ActiveCfg = Debug|Any CPU
		{0E07B06E-E427-4FEB-949D-990133EF6AA2}.Debug|Any CPU.Build.0 = Debug|Any CPU
		{0E07B06E-E427-4FEB-949D-990133EF6AA2}.Release|Any CPU.ActiveCfg = Release|Any CPU
		{0E07B06E-E427-4FEB-949D-990133EF6AA2}.Release|Any CPU.Build.0 = Release|Any CPU
		{C007A14E-864D-4C4B-95D8-2D18440D6172}.Debug|Any CPU.ActiveCfg = Debug|Any CPU
		{C007A14E-864D-4C4B-95D8-2D18440D6172}.Debug|Any CPU.Build.0 = Debug|Any CPU
		{C007A14E-864D-4C4B-95D8-2D18440D6172}.Release|Any CPU.ActiveCfg = Release|Any CPU
		{C007A14E-864D-4C4B-95D8-2D18440D6172}.Release|Any CPU.Build.0 = Release|Any CPU
		{46A78F9A-EB3F-4348-88D3-EE2522278A01}.Debug|Any CPU.ActiveCfg = Debug|Any CPU
		{46A78F9A-EB3F-4348-88D3-EE2522278A01}.Debug|Any CPU.Build.0 = Debug|Any CPU
		{46A78F9A-EB3F-4348-88D3-EE2522278A01}.Release|Any CPU.ActiveCfg = Release|Any CPU
		{46A78F9A-EB3F-4348-88D3-EE2522278A01}.Release|Any CPU.Build.0 = Release|Any CPU
		{64217130-0D9A-4FAE-9038-D335F6DF1A49}.Debug|Any CPU.ActiveCfg = Debug|Any CPU
		{64217130-0D9A-4FAE-9038-D335F6DF1A49}.Debug|Any CPU.Build.0 = Debug|Any CPU
		{64217130-0D9A-4FAE-9038-D335F6DF1A49}.Release|Any CPU.ActiveCfg = Release|Any CPU
		{64217130-0D9A-4FAE-9038-D335F6DF1A49}.Release|Any CPU.Build.0 = Release|Any CPU
		{9D8B2950-F71C-4942-A774-149AD1E50AE5}.Debug|Any CPU.ActiveCfg = Debug|Any CPU
		{9D8B2950-F71C-4942-A774-149AD1E50AE5}.Debug|Any CPU.Build.0 = Debug|Any CPU
		{9D8B2950-F71C-4942-A774-149AD1E50AE5}.Release|Any CPU.ActiveCfg = Release|Any CPU
		{9D8B2950-F71C-4942-A774-149AD1E50AE5}.Release|Any CPU.Build.0 = Release|Any CPU
		{CFC647EF-4DA4-4848-836F-9E3E1C78593D}.Debug|Any CPU.ActiveCfg = Debug|Any CPU
		{CFC647EF-4DA4-4848-836F-9E3E1C78593D}.Debug|Any CPU.Build.0 = Debug|Any CPU
		{CFC647EF-4DA4-4848-836F-9E3E1C78593D}.Release|Any CPU.ActiveCfg = Release|Any CPU
		{CFC647EF-4DA4-4848-836F-9E3E1C78593D}.Release|Any CPU.Build.0 = Release|Any CPU
		{74F4B589-F977-4233-ADA7-4CDC71766EC1}.Debug|Any CPU.ActiveCfg = Debug|Any CPU
		{74F4B589-F977-4233-ADA7-4CDC71766EC1}.Debug|Any CPU.Build.0 = Debug|Any CPU
		{74F4B589-F977-4233-ADA7-4CDC71766EC1}.Release|Any CPU.ActiveCfg = Release|Any CPU
		{74F4B589-F977-4233-ADA7-4CDC71766EC1}.Release|Any CPU.Build.0 = Release|Any CPU
		{B72E86D5-BE5B-4A43-8886-692F48138C70}.Debug|Any CPU.ActiveCfg = Debug|Any CPU
		{B72E86D5-BE5B-4A43-8886-692F48138C70}.Debug|Any CPU.Build.0 = Debug|Any CPU
		{B72E86D5-BE5B-4A43-8886-692F48138C70}.Release|Any CPU.ActiveCfg = Release|Any CPU
		{B72E86D5-BE5B-4A43-8886-692F48138C70}.Release|Any CPU.Build.0 = Release|Any CPU
		{F4D5418A-4BD2-4618-8474-7647050F7B8D}.Debug|Any CPU.ActiveCfg = Debug|Any CPU
		{F4D5418A-4BD2-4618-8474-7647050F7B8D}.Debug|Any CPU.Build.0 = Debug|Any CPU
		{F4D5418A-4BD2-4618-8474-7647050F7B8D}.Release|Any CPU.ActiveCfg = Release|Any CPU
		{F4D5418A-4BD2-4618-8474-7647050F7B8D}.Release|Any CPU.Build.0 = Release|Any CPU
		{0B7E899B-9835-4C36-9DE0-CFBFD78D7664}.Debug|Any CPU.ActiveCfg = Debug|Any CPU
		{0B7E899B-9835-4C36-9DE0-CFBFD78D7664}.Debug|Any CPU.Build.0 = Debug|Any CPU
		{0B7E899B-9835-4C36-9DE0-CFBFD78D7664}.Release|Any CPU.ActiveCfg = Release|Any CPU
		{0B7E899B-9835-4C36-9DE0-CFBFD78D7664}.Release|Any CPU.Build.0 = Release|Any CPU
		{6A4A8FA6-C9B4-43D5-8B91-4DFF9ACA60C0}.Debug|Any CPU.ActiveCfg = Debug|Any CPU
		{6A4A8FA6-C9B4-43D5-8B91-4DFF9ACA60C0}.Debug|Any CPU.Build.0 = Debug|Any CPU
		{6A4A8FA6-C9B4-43D5-8B91-4DFF9ACA60C0}.Release|Any CPU.ActiveCfg = Release|Any CPU
		{6A4A8FA6-C9B4-43D5-8B91-4DFF9ACA60C0}.Release|Any CPU.Build.0 = Release|Any CPU
	EndGlobalSection
	GlobalSection(SolutionProperties) = preSolution
		HideSolutionNode = FALSE
	EndGlobalSection
	GlobalSection(NestedProjects) = preSolution
		{8D15CDDB-40FE-4609-9A64-92A6CE184038} = {B984812E-5F9C-4E64-8E38-1B719C268141}
		{0E07B06E-E427-4FEB-949D-990133EF6AA2} = {BE24AF56-FEF3-483F-913A-736227083478}
		{C007A14E-864D-4C4B-95D8-2D18440D6172} = {E1AA45A4-7487-464A-BCEC-DEF018BE7118}
		{46A78F9A-EB3F-4348-88D3-EE2522278A01} = {E1AA45A4-7487-464A-BCEC-DEF018BE7118}
		{64217130-0D9A-4FAE-9038-D335F6DF1A49} = {E1AA45A4-7487-464A-BCEC-DEF018BE7118}
		{9D8B2950-F71C-4942-A774-149AD1E50AE5} = {BE24AF56-FEF3-483F-913A-736227083478}
		{CFC647EF-4DA4-4848-836F-9E3E1C78593D} = {E1AA45A4-7487-464A-BCEC-DEF018BE7118}
		{74F4B589-F977-4233-ADA7-4CDC71766EC1} = {78E841BE-9BCA-4EAC-9829-A0CBD276DC77}
		{B72E86D5-BE5B-4A43-8886-692F48138C70} = {78E841BE-9BCA-4EAC-9829-A0CBD276DC77}
		{F4D5418A-4BD2-4618-8474-7647050F7B8D} = {B984812E-5F9C-4E64-8E38-1B719C268141}
		{0B7E899B-9835-4C36-9DE0-CFBFD78D7664} = {663FEBFB-88D3-4AC2-B23B-B54D4902048E}
		{6A4A8FA6-C9B4-43D5-8B91-4DFF9ACA60C0} = {663FEBFB-88D3-4AC2-B23B-B54D4902048E}
	EndGlobalSection
	GlobalSection(ExtensibilityGlobals) = postSolution
		SolutionGuid = {F8A0655B-CC00-464F-B0F2-1B3142BDCF5E}
	EndGlobalSection
EndGlobal
