
Microsoft Visual Studio Solution File, Format Version 12.00
# Visual Studio Version 16
VisualStudioVersion = 16.0.29001.49
MinimumVisualStudioVersion = 10.0.40219.1
Project("{9A19103F-16F7-4668-BE54-9A1E7A4F7556}") = "Solution", "Solution\Solution.csproj", "{3D4ADA07-BE8C-4EEA-8476-DA7347EBDCBF}"
EndProject
Project("{9A19103F-16F7-4668-BE54-9A1E7A4F7556}") = "Algorithms", "Algorithms\Algorithms.csproj", "{8D15CDDB-40FE-4609-9A64-92A6CE184038}"
EndProject
Project("{9A19103F-16F7-4668-BE54-9A1E7A4F7556}") = "Codility", "Codility\Codility.csproj", "{0E07B06E-E427-4FEB-949D-990133EF6AA2}"
EndProject
Project("{9A19103F-16F7-4668-BE54-9A1E7A4F7556}") = "Algotester", "Algotester\Algotester.csproj", "{C007A14E-864D-4C4B-95D8-2D18440D6172}"
EndProject
Project("{F2A71F9B-5D33-465A-A702-920D77279786}") = "AlgotesterFS", "AlgotesterFS\AlgotesterFS.fsproj", "{46A78F9A-EB3F-4348-88D3-EE2522278A01}"
EndProject
Global
	GlobalSection(SolutionConfigurationPlatforms) = preSolution
		Debug|Any CPU = Debug|Any CPU
		Release|Any CPU = Release|Any CPU
	EndGlobalSection
	GlobalSection(ProjectConfigurationPlatforms) = postSolution
		{3D4ADA07-BE8C-4EEA-8476-DA7347EBDCBF}.Debug|Any CPU.ActiveCfg = Debug|Any CPU
		{3D4ADA07-BE8C-4EEA-8476-DA7347EBDCBF}.Debug|Any CPU.Build.0 = Debug|Any CPU
		{3D4ADA07-BE8C-4EEA-8476-DA7347EBDCBF}.Release|Any CPU.ActiveCfg = Release|Any CPU
		{3D4ADA07-BE8C-4EEA-8476-DA7347EBDCBF}.Release|Any CPU.Build.0 = Release|Any CPU
		{8D15CDDB-40FE-4609-9A64-92A6CE184038}.Debug|Any CPU.ActiveCfg = Debug|Any CPU
		{8D15CDDB-40FE-4609-9A64-92A6CE184038}.Debug|Any CPU.Build.0 = Debug|Any CPU
		{8D15CDDB-40FE-4609-9A64-92A6CE184038}.Release|Any CPU.ActiveCfg = Release|Any CPU
		{8D15CDDB-40FE-4609-9A64-92A6CE184038}.Release|Any CPU.Build.0 = Release|Any CPU
		{0E07B06E-E427-4FEB-949D-990133EF6AA2}.Debug|Any CPU.ActiveCfg = Debug|Any CPU
		{0E07B06E-E427-4FEB-949D-990133EF6AA2}.Debug|Any CPU.Build.0 = Debug|Any CPU
		{0E07B06E-E427-4FEB-949D-990133EF6AA2}.Release|Any CPU.ActiveCfg = Release|Any CPU
		{0E07B06E-E427-4FEB-949D-990133EF6AA2}.Release|Any CPU.Build.0 = Release|Any CPU
		{C007A14E-864D-4C4B-95D8-2D18440D6172}.Debug|Any CPU.ActiveCfg = Debug|Any CPU
		{C007A14E-864D-4C4B-95D8-2D18440D6172}.Debug|Any CPU.Build.0 = Debug|Any CPU
		{C007A14E-864D-4C4B-95D8-2D18440D6172}.Release|Any CPU.ActiveCfg = Release|Any CPU
		{C007A14E-864D-4C4B-95D8-2D18440D6172}.Release|Any CPU.Build.0 = Release|Any CPU
		{46A78F9A-EB3F-4348-88D3-EE2522278A01}.Debug|Any CPU.ActiveCfg = Debug|Any CPU
		{46A78F9A-EB3F-4348-88D3-EE2522278A01}.Debug|Any CPU.Build.0 = Debug|Any CPU
		{46A78F9A-EB3F-4348-88D3-EE2522278A01}.Release|Any CPU.ActiveCfg = Release|Any CPU
		{46A78F9A-EB3F-4348-88D3-EE2522278A01}.Release|Any CPU.Build.0 = Release|Any CPU
	EndGlobalSection
	GlobalSection(SolutionProperties) = preSolution
		HideSolutionNode = FALSE
	EndGlobalSection
	GlobalSection(ExtensibilityGlobals) = postSolution
		SolutionGuid = {F8A0655B-CC00-464F-B0F2-1B3142BDCF5E}
	EndGlobalSection
EndGlobal
